
Microsoft Visual Studio Solution File, Format Version 12.00
# Visual Studio 15
VisualStudioVersion = 15.0.27428.2037
MinimumVisualStudioVersion = 10.0.40219.1
Project("{FAE04EC0-301F-11D3-BF4B-00C04F79EFBC}") = "MoviesApp", "MoviesApp\MoviesApp.csproj", "{FDA506DC-19BD-4BB7-BF1B-E572AF5153DC}"
EndProject
Global
	GlobalSection(SolutionConfigurationPlatforms) = preSolution
		Debug|Any CPU = Debug|Any CPU
		Release|Any CPU = Release|Any CPU
	EndGlobalSection
	GlobalSection(ProjectConfigurationPlatforms) = postSolution
		{FDA506DC-19BD-4BB7-BF1B-E572AF5153DC}.Debug|Any CPU.ActiveCfg = Debug|Any CPU
		{FDA506DC-19BD-4BB7-BF1B-E572AF5153DC}.Debug|Any CPU.Build.0 = Debug|Any CPU
		{FDA506DC-19BD-4BB7-BF1B-E572AF5153DC}.Release|Any CPU.ActiveCfg = Release|Any CPU
		{FDA506DC-19BD-4BB7-BF1B-E572AF5153DC}.Release|Any CPU.Build.0 = Release|Any CPU
	EndGlobalSection
	GlobalSection(SolutionProperties) = preSolution
		HideSolutionNode = FALSE
	EndGlobalSection
	GlobalSection(ExtensibilityGlobals) = postSolution
		SolutionGuid = {21B7331A-C201-4372-8FEF-2E240C72A684}
	EndGlobalSection
EndGlobal
